// !$*UTF8*$!
{
	archiveVersion = 1;
	classes = {
	};
	objectVersion = 56;
	objects = {

/* Begin PBXBuildFile section */
		2F29EDB32B7C0AD900E61EAA /* CompleteTask.swift in Sources */ = {isa = PBXBuildFile; fileRef = 2F29EDB12B7C0AD900E61EAA /* CompleteTask.swift */; };
		2F393EC12B62721600253152 /* DetailedView.swift in Sources */ = {isa = PBXBuildFile; fileRef = 2F393EC02B62721600253152 /* DetailedView.swift */; };
		2F4925372B00FE2900C471A7 /* YuppApp.swift in Sources */ = {isa = PBXBuildFile; fileRef = 2F4925362B00FE2900C471A7 /* YuppApp.swift */; };
		2F4925392B00FE2900C471A7 /* ContentView.swift in Sources */ = {isa = PBXBuildFile; fileRef = 2F4925382B00FE2900C471A7 /* ContentView.swift */; };
		2F49253B2B00FE2D00C471A7 /* Assets.xcassets in Resources */ = {isa = PBXBuildFile; fileRef = 2F49253A2B00FE2D00C471A7 /* Assets.xcassets */; };
		2F49253E2B00FE2D00C471A7 /* Preview Assets.xcassets in Resources */ = {isa = PBXBuildFile; fileRef = 2F49253D2B00FE2D00C471A7 /* Preview Assets.xcassets */; };
		2F4925452B00FE3E00C471A7 /* Task.swift in Sources */ = {isa = PBXBuildFile; fileRef = 2F4925442B00FE3E00C471A7 /* Task.swift */; };
		2F4B84B02B048F0D00EB2070 /* TasksView.swift in Sources */ = {isa = PBXBuildFile; fileRef = 2F4B84AF2B048F0D00EB2070 /* TasksView.swift */; };
		2F65F31D2B7BDD650066275C /* WidgetKit.framework in Frameworks */ = {isa = PBXBuildFile; fileRef = 2F65F31C2B7BDD650066275C /* WidgetKit.framework */; };
		2F65F31F2B7BDD650066275C /* SwiftUI.framework in Frameworks */ = {isa = PBXBuildFile; fileRef = 2F65F31E2B7BDD650066275C /* SwiftUI.framework */; };
		2F65F3222B7BDD650066275C /* ListWidgetBundle.swift in Sources */ = {isa = PBXBuildFile; fileRef = 2F65F3212B7BDD650066275C /* ListWidgetBundle.swift */; };
		2F65F3242B7BDD650066275C /* ListWidget.swift in Sources */ = {isa = PBXBuildFile; fileRef = 2F65F3232B7BDD650066275C /* ListWidget.swift */; };
		2F65F3262B7BDD660066275C /* Assets.xcassets in Resources */ = {isa = PBXBuildFile; fileRef = 2F65F3252B7BDD660066275C /* Assets.xcassets */; };
		2F65F32A2B7BDD660066275C /* ListWidgetExtension.appex in Embed Foundation Extensions */ = {isa = PBXBuildFile; fileRef = 2F65F31A2B7BDD650066275C /* ListWidgetExtension.appex */; settings = {ATTRIBUTES = (RemoveHeadersOnCopy, ); }; };
		2F65F32F2B7BDE790066275C /* Task.swift in Sources */ = {isa = PBXBuildFile; fileRef = 2F4925442B00FE3E00C471A7 /* Task.swift */; };
/* End PBXBuildFile section */

/* Begin PBXContainerItemProxy section */
		2F65F3282B7BDD660066275C /* PBXContainerItemProxy */ = {
			isa = PBXContainerItemProxy;
			containerPortal = 2F49252B2B00FE2900C471A7 /* Project object */;
			proxyType = 1;
			remoteGlobalIDString = 2F65F3192B7BDD650066275C;
			remoteInfo = ListWidgetExtension;
		};
/* End PBXContainerItemProxy section */

/* Begin PBXCopyFilesBuildPhase section */
		2F65F32B2B7BDD660066275C /* Embed Foundation Extensions */ = {
			isa = PBXCopyFilesBuildPhase;
			buildActionMask = 2147483647;
			dstPath = "";
			dstSubfolderSpec = 13;
			files = (
				2F65F32A2B7BDD660066275C /* ListWidgetExtension.appex in Embed Foundation Extensions */,
			);
			name = "Embed Foundation Extensions";
			runOnlyForDeploymentPostprocessing = 0;
		};
/* End PBXCopyFilesBuildPhase section */

/* Begin PBXFileReference section */
		2F29EDB12B7C0AD900E61EAA /* CompleteTask.swift */ = {isa = PBXFileReference; lastKnownFileType = sourcecode.swift; path = CompleteTask.swift; sourceTree = "<group>"; };
		2F393EC02B62721600253152 /* DetailedView.swift */ = {isa = PBXFileReference; lastKnownFileType = sourcecode.swift; path = DetailedView.swift; sourceTree = "<group>"; };
		2F4925332B00FE2900C471A7 /* Yupp.app */ = {isa = PBXFileReference; explicitFileType = wrapper.application; includeInIndex = 0; path = Yupp.app; sourceTree = BUILT_PRODUCTS_DIR; };
		2F4925362B00FE2900C471A7 /* YuppApp.swift */ = {isa = PBXFileReference; lastKnownFileType = sourcecode.swift; path = YuppApp.swift; sourceTree = "<group>"; };
		2F4925382B00FE2900C471A7 /* ContentView.swift */ = {isa = PBXFileReference; lastKnownFileType = sourcecode.swift; path = ContentView.swift; sourceTree = "<group>"; };
		2F49253A2B00FE2D00C471A7 /* Assets.xcassets */ = {isa = PBXFileReference; lastKnownFileType = folder.assetcatalog; path = Assets.xcassets; sourceTree = "<group>"; };
		2F49253D2B00FE2D00C471A7 /* Preview Assets.xcassets */ = {isa = PBXFileReference; lastKnownFileType = folder.assetcatalog; path = "Preview Assets.xcassets"; sourceTree = "<group>"; };
		2F4925442B00FE3E00C471A7 /* Task.swift */ = {isa = PBXFileReference; lastKnownFileType = sourcecode.swift; path = Task.swift; sourceTree = "<group>"; };
		2F4B84AF2B048F0D00EB2070 /* TasksView.swift */ = {isa = PBXFileReference; lastKnownFileType = sourcecode.swift; path = TasksView.swift; sourceTree = "<group>"; };
		2F65F31A2B7BDD650066275C /* ListWidgetExtension.appex */ = {isa = PBXFileReference; explicitFileType = "wrapper.app-extension"; includeInIndex = 0; path = ListWidgetExtension.appex; sourceTree = BUILT_PRODUCTS_DIR; };
		2F65F31C2B7BDD650066275C /* WidgetKit.framework */ = {isa = PBXFileReference; lastKnownFileType = wrapper.framework; name = WidgetKit.framework; path = System/Library/Frameworks/WidgetKit.framework; sourceTree = SDKROOT; };
		2F65F31E2B7BDD650066275C /* SwiftUI.framework */ = {isa = PBXFileReference; lastKnownFileType = wrapper.framework; name = SwiftUI.framework; path = System/Library/Frameworks/SwiftUI.framework; sourceTree = SDKROOT; };
		2F65F3212B7BDD650066275C /* ListWidgetBundle.swift */ = {isa = PBXFileReference; lastKnownFileType = sourcecode.swift; path = ListWidgetBundle.swift; sourceTree = "<group>"; };
		2F65F3232B7BDD650066275C /* ListWidget.swift */ = {isa = PBXFileReference; lastKnownFileType = sourcecode.swift; path = ListWidget.swift; sourceTree = "<group>"; };
		2F65F3252B7BDD660066275C /* Assets.xcassets */ = {isa = PBXFileReference; lastKnownFileType = folder.assetcatalog; path = Assets.xcassets; sourceTree = "<group>"; };
		2F65F3272B7BDD660066275C /* Info.plist */ = {isa = PBXFileReference; lastKnownFileType = text.plist.xml; path = Info.plist; sourceTree = "<group>"; };
		2F65F3302B7C025A0066275C /* ListWidgetExtension.entitlements */ = {isa = PBXFileReference; lastKnownFileType = text.plist.entitlements; path = ListWidgetExtension.entitlements; sourceTree = "<group>"; };
		2F65F3312B7C033B0066275C /* Yupp.entitlements */ = {isa = PBXFileReference; lastKnownFileType = text.plist.entitlements; path = Yupp.entitlements; sourceTree = "<group>"; };
/* End PBXFileReference section */

/* Begin PBXFrameworksBuildPhase section */
		2F4925302B00FE2900C471A7 /* Frameworks */ = {
			isa = PBXFrameworksBuildPhase;
			buildActionMask = 2147483647;
			files = (
			);
			runOnlyForDeploymentPostprocessing = 0;
		};
		2F65F3172B7BDD650066275C /* Frameworks */ = {
			isa = PBXFrameworksBuildPhase;
			buildActionMask = 2147483647;
			files = (
				2F65F31F2B7BDD650066275C /* SwiftUI.framework in Frameworks */,
				2F65F31D2B7BDD650066275C /* WidgetKit.framework in Frameworks */,
			);
			runOnlyForDeploymentPostprocessing = 0;
		};
/* End PBXFrameworksBuildPhase section */

/* Begin PBXGroup section */
		2F49252A2B00FE2900C471A7 = {
			isa = PBXGroup;
			children = (
				2F65F3302B7C025A0066275C /* ListWidgetExtension.entitlements */,
				2F4925352B00FE2900C471A7 /* Yupp */,
				2F65F3202B7BDD650066275C /* ListWidget */,
				2F65F31B2B7BDD650066275C /* Frameworks */,
				2F4925342B00FE2900C471A7 /* Products */,
			);
			sourceTree = "<group>";
		};
		2F4925342B00FE2900C471A7 /* Products */ = {
			isa = PBXGroup;
			children = (
				2F4925332B00FE2900C471A7 /* Yupp.app */,
				2F65F31A2B7BDD650066275C /* ListWidgetExtension.appex */,
			);
			name = Products;
			sourceTree = "<group>";
		};
		2F4925352B00FE2900C471A7 /* Yupp */ = {
			isa = PBXGroup;
			children = (
				2F65F3312B7C033B0066275C /* Yupp.entitlements */,
				2F4925362B00FE2900C471A7 /* YuppApp.swift */,
				2F4925382B00FE2900C471A7 /* ContentView.swift */,
				2F4B84AF2B048F0D00EB2070 /* TasksView.swift */,
				2F393EC02B62721600253152 /* DetailedView.swift */,
				2F4925442B00FE3E00C471A7 /* Task.swift */,
				2F49253A2B00FE2D00C471A7 /* Assets.xcassets */,
				2F49253C2B00FE2D00C471A7 /* Preview Content */,
			);
			path = Yupp;
			sourceTree = "<group>";
		};
		2F49253C2B00FE2D00C471A7 /* Preview Content */ = {
			isa = PBXGroup;
			children = (
				2F49253D2B00FE2D00C471A7 /* Preview Assets.xcassets */,
			);
			path = "Preview Content";
			sourceTree = "<group>";
		};
		2F65F31B2B7BDD650066275C /* Frameworks */ = {
			isa = PBXGroup;
			children = (
				2F65F31C2B7BDD650066275C /* WidgetKit.framework */,
				2F65F31E2B7BDD650066275C /* SwiftUI.framework */,
			);
			name = Frameworks;
			sourceTree = "<group>";
		};
		2F65F3202B7BDD650066275C /* ListWidget */ = {
			isa = PBXGroup;
			children = (
				2F65F3212B7BDD650066275C /* ListWidgetBundle.swift */,
				2F65F3232B7BDD650066275C /* ListWidget.swift */,
				2F29EDB12B7C0AD900E61EAA /* CompleteTask.swift */,
				2F65F3252B7BDD660066275C /* Assets.xcassets */,
				2F65F3272B7BDD660066275C /* Info.plist */,
			);
			path = ListWidget;
			sourceTree = "<group>";
		};
/* End PBXGroup section */

/* Begin PBXNativeTarget section */
		2F4925322B00FE2900C471A7 /* Yupp */ = {
			isa = PBXNativeTarget;
			buildConfigurationList = 2F4925412B00FE2D00C471A7 /* Build configuration list for PBXNativeTarget "Yupp" */;
			buildPhases = (
				2F49252F2B00FE2900C471A7 /* Sources */,
				2F4925302B00FE2900C471A7 /* Frameworks */,
				2F4925312B00FE2900C471A7 /* Resources */,
				2F65F32B2B7BDD660066275C /* Embed Foundation Extensions */,
			);
			buildRules = (
			);
			dependencies = (
				2F65F3292B7BDD660066275C /* PBXTargetDependency */,
			);
			name = Yupp;
			productName = Yupp;
			productReference = 2F4925332B00FE2900C471A7 /* Yupp.app */;
			productType = "com.apple.product-type.application";
		};
		2F65F3192B7BDD650066275C /* ListWidgetExtension */ = {
			isa = PBXNativeTarget;
			buildConfigurationList = 2F65F32E2B7BDD660066275C /* Build configuration list for PBXNativeTarget "ListWidgetExtension" */;
			buildPhases = (
				2F65F3162B7BDD650066275C /* Sources */,
				2F65F3172B7BDD650066275C /* Frameworks */,
				2F65F3182B7BDD650066275C /* Resources */,
			);
			buildRules = (
			);
			dependencies = (
			);
			name = ListWidgetExtension;
			productName = ListWidgetExtension;
			productReference = 2F65F31A2B7BDD650066275C /* ListWidgetExtension.appex */;
			productType = "com.apple.product-type.app-extension";
		};
/* End PBXNativeTarget section */

/* Begin PBXProject section */
		2F49252B2B00FE2900C471A7 /* Project object */ = {
			isa = PBXProject;
			attributes = {
				BuildIndependentTargetsInParallel = 1;
				LastSwiftUpdateCheck = 1520;
				LastUpgradeCheck = 1500;
				TargetAttributes = {
					2F4925322B00FE2900C471A7 = {
						CreatedOnToolsVersion = 15.0.1;
					};
					2F65F3192B7BDD650066275C = {
						CreatedOnToolsVersion = 15.2;
					};
				};
			};
			buildConfigurationList = 2F49252E2B00FE2900C471A7 /* Build configuration list for PBXProject "Yupp" */;
			compatibilityVersion = "Xcode 14.0";
			developmentRegion = en;
			hasScannedForEncodings = 0;
			knownRegions = (
				en,
				Base,
			);
			mainGroup = 2F49252A2B00FE2900C471A7;
			productRefGroup = 2F4925342B00FE2900C471A7 /* Products */;
			projectDirPath = "";
			projectRoot = "";
			targets = (
				2F4925322B00FE2900C471A7 /* Yupp */,
				2F65F3192B7BDD650066275C /* ListWidgetExtension */,
			);
		};
/* End PBXProject section */

/* Begin PBXResourcesBuildPhase section */
		2F4925312B00FE2900C471A7 /* Resources */ = {
			isa = PBXResourcesBuildPhase;
			buildActionMask = 2147483647;
			files = (
				2F49253E2B00FE2D00C471A7 /* Preview Assets.xcassets in Resources */,
				2F49253B2B00FE2D00C471A7 /* Assets.xcassets in Resources */,
			);
			runOnlyForDeploymentPostprocessing = 0;
		};
		2F65F3182B7BDD650066275C /* Resources */ = {
			isa = PBXResourcesBuildPhase;
			buildActionMask = 2147483647;
			files = (
				2F65F3262B7BDD660066275C /* Assets.xcassets in Resources */,
			);
			runOnlyForDeploymentPostprocessing = 0;
		};
/* End PBXResourcesBuildPhase section */

/* Begin PBXSourcesBuildPhase section */
		2F49252F2B00FE2900C471A7 /* Sources */ = {
			isa = PBXSourcesBuildPhase;
			buildActionMask = 2147483647;
			files = (
				2F4925392B00FE2900C471A7 /* ContentView.swift in Sources */,
				2F4925452B00FE3E00C471A7 /* Task.swift in Sources */,
				2F393EC12B62721600253152 /* DetailedView.swift in Sources */,
				2F4925372B00FE2900C471A7 /* YuppApp.swift in Sources */,
				2F4B84B02B048F0D00EB2070 /* TasksView.swift in Sources */,
			);
			runOnlyForDeploymentPostprocessing = 0;
		};
		2F65F3162B7BDD650066275C /* Sources */ = {
			isa = PBXSourcesBuildPhase;
			buildActionMask = 2147483647;
			files = (
				2F65F3222B7BDD650066275C /* ListWidgetBundle.swift in Sources */,
				2F29EDB32B7C0AD900E61EAA /* CompleteTask.swift in Sources */,
				2F65F32F2B7BDE790066275C /* Task.swift in Sources */,
				2F65F3242B7BDD650066275C /* ListWidget.swift in Sources */,
			);
			runOnlyForDeploymentPostprocessing = 0;
		};
/* End PBXSourcesBuildPhase section */

/* Begin PBXTargetDependency section */
		2F65F3292B7BDD660066275C /* PBXTargetDependency */ = {
			isa = PBXTargetDependency;
			target = 2F65F3192B7BDD650066275C /* ListWidgetExtension */;
			targetProxy = 2F65F3282B7BDD660066275C /* PBXContainerItemProxy */;
		};
/* End PBXTargetDependency section */

/* Begin XCBuildConfiguration section */
		2F49253F2B00FE2D00C471A7 /* Debug */ = {
			isa = XCBuildConfiguration;
			buildSettings = {
				ALWAYS_SEARCH_USER_PATHS = NO;
				ASSETCATALOG_COMPILER_GENERATE_SWIFT_ASSET_SYMBOL_EXTENSIONS = YES;
				CLANG_ANALYZER_NONNULL = YES;
				CLANG_ANALYZER_NUMBER_OBJECT_CONVERSION = YES_AGGRESSIVE;
				CLANG_CXX_LANGUAGE_STANDARD = "gnu++20";
				CLANG_ENABLE_MODULES = YES;
				CLANG_ENABLE_OBJC_ARC = YES;
				CLANG_ENABLE_OBJC_WEAK = YES;
				CLANG_WARN_BLOCK_CAPTURE_AUTORELEASING = YES;
				CLANG_WARN_BOOL_CONVERSION = YES;
				CLANG_WARN_COMMA = YES;
				CLANG_WARN_CONSTANT_CONVERSION = YES;
				CLANG_WARN_DEPRECATED_OBJC_IMPLEMENTATIONS = YES;
				CLANG_WARN_DIRECT_OBJC_ISA_USAGE = YES_ERROR;
				CLANG_WARN_DOCUMENTATION_COMMENTS = YES;
				CLANG_WARN_EMPTY_BODY = YES;
				CLANG_WARN_ENUM_CONVERSION = YES;
				CLANG_WARN_INFINITE_RECURSION = YES;
				CLANG_WARN_INT_CONVERSION = YES;
				CLANG_WARN_NON_LITERAL_NULL_CONVERSION = YES;
				CLANG_WARN_OBJC_IMPLICIT_RETAIN_SELF = YES;
				CLANG_WARN_OBJC_LITERAL_CONVERSION = YES;
				CLANG_WARN_OBJC_ROOT_CLASS = YES_ERROR;
				CLANG_WARN_QUOTED_INCLUDE_IN_FRAMEWORK_HEADER = YES;
				CLANG_WARN_RANGE_LOOP_ANALYSIS = YES;
				CLANG_WARN_STRICT_PROTOTYPES = YES;
				CLANG_WARN_SUSPICIOUS_MOVE = YES;
				CLANG_WARN_UNGUARDED_AVAILABILITY = YES_AGGRESSIVE;
				CLANG_WARN_UNREACHABLE_CODE = YES;
				CLANG_WARN__DUPLICATE_METHOD_MATCH = YES;
				COPY_PHASE_STRIP = NO;
				DEBUG_INFORMATION_FORMAT = dwarf;
				ENABLE_STRICT_OBJC_MSGSEND = YES;
				ENABLE_TESTABILITY = YES;
				ENABLE_USER_SCRIPT_SANDBOXING = YES;
				GCC_C_LANGUAGE_STANDARD = gnu17;
				GCC_DYNAMIC_NO_PIC = NO;
				GCC_NO_COMMON_BLOCKS = YES;
				GCC_OPTIMIZATION_LEVEL = 0;
				GCC_PREPROCESSOR_DEFINITIONS = (
					"DEBUG=1",
					"$(inherited)",
				);
				GCC_WARN_64_TO_32_BIT_CONVERSION = YES;
				GCC_WARN_ABOUT_RETURN_TYPE = YES_ERROR;
				GCC_WARN_UNDECLARED_SELECTOR = YES;
				GCC_WARN_UNINITIALIZED_AUTOS = YES_AGGRESSIVE;
				GCC_WARN_UNUSED_FUNCTION = YES;
				GCC_WARN_UNUSED_VARIABLE = YES;
				IPHONEOS_DEPLOYMENT_TARGET = 17.0;
				LOCALIZATION_PREFERS_STRING_CATALOGS = YES;
				MTL_ENABLE_DEBUG_INFO = INCLUDE_SOURCE;
				MTL_FAST_MATH = YES;
				ONLY_ACTIVE_ARCH = YES;
				SDKROOT = iphoneos;
				SWIFT_ACTIVE_COMPILATION_CONDITIONS = "DEBUG $(inherited)";
				SWIFT_OPTIMIZATION_LEVEL = "-Onone";
			};
			name = Debug;
		};
		2F4925402B00FE2D00C471A7 /* Release */ = {
			isa = XCBuildConfiguration;
			buildSettings = {
				ALWAYS_SEARCH_USER_PATHS = NO;
				ASSETCATALOG_COMPILER_GENERATE_SWIFT_ASSET_SYMBOL_EXTENSIONS = YES;
				CLANG_ANALYZER_NONNULL = YES;
				CLANG_ANALYZER_NUMBER_OBJECT_CONVERSION = YES_AGGRESSIVE;
				CLANG_CXX_LANGUAGE_STANDARD = "gnu++20";
				CLANG_ENABLE_MODULES = YES;
				CLANG_ENABLE_OBJC_ARC = YES;
				CLANG_ENABLE_OBJC_WEAK = YES;
				CLANG_WARN_BLOCK_CAPTURE_AUTORELEASING = YES;
				CLANG_WARN_BOOL_CONVERSION = YES;
				CLANG_WARN_COMMA = YES;
				CLANG_WARN_CONSTANT_CONVERSION = YES;
				CLANG_WARN_DEPRECATED_OBJC_IMPLEMENTATIONS = YES;
				CLANG_WARN_DIRECT_OBJC_ISA_USAGE = YES_ERROR;
				CLANG_WARN_DOCUMENTATION_COMMENTS = YES;
				CLANG_WARN_EMPTY_BODY = YES;
				CLANG_WARN_ENUM_CONVERSION = YES;
				CLANG_WARN_INFINITE_RECURSION = YES;
				CLANG_WARN_INT_CONVERSION = YES;
				CLANG_WARN_NON_LITERAL_NULL_CONVERSION = YES;
				CLANG_WARN_OBJC_IMPLICIT_RETAIN_SELF = YES;
				CLANG_WARN_OBJC_LITERAL_CONVERSION = YES;
				CLANG_WARN_OBJC_ROOT_CLASS = YES_ERROR;
				CLANG_WARN_QUOTED_INCLUDE_IN_FRAMEWORK_HEADER = YES;
				CLANG_WARN_RANGE_LOOP_ANALYSIS = YES;
				CLANG_WARN_STRICT_PROTOTYPES = YES;
				CLANG_WARN_SUSPICIOUS_MOVE = YES;
				CLANG_WARN_UNGUARDED_AVAILABILITY = YES_AGGRESSIVE;
				CLANG_WARN_UNREACHABLE_CODE = YES;
				CLANG_WARN__DUPLICATE_METHOD_MATCH = YES;
				COPY_PHASE_STRIP = NO;
				DEBUG_INFORMATION_FORMAT = "dwarf-with-dsym";
				ENABLE_NS_ASSERTIONS = NO;
				ENABLE_STRICT_OBJC_MSGSEND = YES;
				ENABLE_USER_SCRIPT_SANDBOXING = YES;
				GCC_C_LANGUAGE_STANDARD = gnu17;
				GCC_NO_COMMON_BLOCKS = YES;
				GCC_WARN_64_TO_32_BIT_CONVERSION = YES;
				GCC_WARN_ABOUT_RETURN_TYPE = YES_ERROR;
				GCC_WARN_UNDECLARED_SELECTOR = YES;
				GCC_WARN_UNINITIALIZED_AUTOS = YES_AGGRESSIVE;
				GCC_WARN_UNUSED_FUNCTION = YES;
				GCC_WARN_UNUSED_VARIABLE = YES;
				IPHONEOS_DEPLOYMENT_TARGET = 17.0;
				LOCALIZATION_PREFERS_STRING_CATALOGS = YES;
				MTL_ENABLE_DEBUG_INFO = NO;
				MTL_FAST_MATH = YES;
				SDKROOT = iphoneos;
				SWIFT_COMPILATION_MODE = wholemodule;
				VALIDATE_PRODUCT = YES;
			};
			name = Release;
		};
		2F4925422B00FE2D00C471A7 /* Debug */ = {
			isa = XCBuildConfiguration;
			buildSettings = {
				ALWAYS_EMBED_SWIFT_STANDARD_LIBRARIES = YES;
				ASSETCATALOG_COMPILER_APPICON_NAME = AppIcon;
				ASSETCATALOG_COMPILER_GLOBAL_ACCENT_COLOR_NAME = AccentColor;
				CODE_SIGN_ENTITLEMENTS = Yupp/Yupp.entitlements;
				CODE_SIGN_STYLE = Automatic;
				CURRENT_PROJECT_VERSION = 1;
				DEVELOPMENT_ASSET_PATHS = "\"Yupp/Preview Content\"";
				DEVELOPMENT_TEAM = 55L48W2DHK;
				ENABLE_PREVIEWS = YES;
				GENERATE_INFOPLIST_FILE = YES;
				INFOPLIST_KEY_UIApplicationSceneManifest_Generation = YES;
				INFOPLIST_KEY_UIApplicationSupportsIndirectInputEvents = YES;
				INFOPLIST_KEY_UILaunchScreen_Generation = YES;
				INFOPLIST_KEY_UISupportedInterfaceOrientations_iPad = "UIInterfaceOrientationPortrait UIInterfaceOrientationPortraitUpsideDown UIInterfaceOrientationLandscapeLeft UIInterfaceOrientationLandscapeRight";
				INFOPLIST_KEY_UISupportedInterfaceOrientations_iPhone = "UIInterfaceOrientationPortrait UIInterfaceOrientationLandscapeLeft UIInterfaceOrientationLandscapeRight";
				LD_RUNPATH_SEARCH_PATHS = (
					"$(inherited)",
					"@executable_path/Frameworks",
				);
				MARKETING_VERSION = 1.0;
				PRODUCT_BUNDLE_IDENTIFIER = hamza.Yupp;
				PRODUCT_NAME = "$(TARGET_NAME)";
				SWIFT_EMIT_LOC_STRINGS = YES;
				SWIFT_VERSION = 5.0;
				TARGETED_DEVICE_FAMILY = "1,2";
			};
			name = Debug;
		};
		2F4925432B00FE2D00C471A7 /* Release */ = {
			isa = XCBuildConfiguration;
			buildSettings = {
				ALWAYS_EMBED_SWIFT_STANDARD_LIBRARIES = YES;
				ASSETCATALOG_COMPILER_APPICON_NAME = AppIcon;
				ASSETCATALOG_COMPILER_GLOBAL_ACCENT_COLOR_NAME = AccentColor;
				CODE_SIGN_ENTITLEMENTS = Yupp/Yupp.entitlements;
				CODE_SIGN_STYLE = Automatic;
				CURRENT_PROJECT_VERSION = 1;
				DEVELOPMENT_ASSET_PATHS = "\"Yupp/Preview Content\"";
				DEVELOPMENT_TEAM = 55L48W2DHK;
				ENABLE_PREVIEWS = YES;
				GENERATE_INFOPLIST_FILE = YES;
				INFOPLIST_KEY_UIApplicationSceneManifest_Generation = YES;
				INFOPLIST_KEY_UIApplicationSupportsIndirectInputEvents = YES;
				INFOPLIST_KEY_UILaunchScreen_Generation = YES;
				INFOPLIST_KEY_UISupportedInterfaceOrientations_iPad = "UIInterfaceOrientationPortrait UIInterfaceOrientationPortraitUpsideDown UIInterfaceOrientationLandscapeLeft UIInterfaceOrientationLandscapeRight";
				INFOPLIST_KEY_UISupportedInterfaceOrientations_iPhone = "UIInterfaceOrientationPortrait UIInterfaceOrientationLandscapeLeft UIInterfaceOrientationLandscapeRight";
				LD_RUNPATH_SEARCH_PATHS = (
					"$(inherited)",
					"@executable_path/Frameworks",
				);
				MARKETING_VERSION = 1.0;
				PRODUCT_BUNDLE_IDENTIFIER = hamza.Yupp;
				PRODUCT_NAME = "$(TARGET_NAME)";
				SWIFT_EMIT_LOC_STRINGS = YES;
				SWIFT_VERSION = 5.0;
				TARGETED_DEVICE_FAMILY = "1,2";
			};
			name = Release;
		};
		2F65F32C2B7BDD660066275C /* Debug */ = {
			isa = XCBuildConfiguration;
			buildSettings = {
				ASSETCATALOG_COMPILER_GLOBAL_ACCENT_COLOR_NAME = AccentColor;
				ASSETCATALOG_COMPILER_WIDGET_BACKGROUND_COLOR_NAME = WidgetBackground;
				CODE_SIGN_ENTITLEMENTS = ListWidgetExtension.entitlements;
				CODE_SIGN_STYLE = Automatic;
				CURRENT_PROJECT_VERSION = 1;
				DEVELOPMENT_TEAM = 55L48W2DHK;
				GENERATE_INFOPLIST_FILE = YES;
				INFOPLIST_FILE = ListWidget/Info.plist;
				INFOPLIST_KEY_CFBundleDisplayName = ListWidget;
				INFOPLIST_KEY_NSHumanReadableCopyright = "";
				IPHONEOS_DEPLOYMENT_TARGET = 17.2;
				LD_RUNPATH_SEARCH_PATHS = (
					"$(inherited)",
					"@executable_path/Frameworks",
					"@executable_path/../../Frameworks",
				);
				MARKETING_VERSION = 1.0;
				PRODUCT_BUNDLE_IDENTIFIER = hamza.Yupp.ListWidget;
				PRODUCT_NAME = "$(TARGET_NAME)";
				SKIP_INSTALL = YES;
				SWIFT_EMIT_LOC_STRINGS = YES;
				SWIFT_VERSION = 5.0;
				TARGETED_DEVICE_FAMILY = "1,2";
			};
			name = Debug;
		};
		2F65F32D2B7BDD660066275C /* Release */ = {
			isa = XCBuildConfiguration;
			buildSettings = {
				ASSETCATALOG_COMPILER_GLOBAL_ACCENT_COLOR_NAME = AccentColor;
				ASSETCATALOG_COMPILER_WIDGET_BACKGROUND_COLOR_NAME = WidgetBackground;
				CODE_SIGN_ENTITLEMENTS = ListWidgetExtension.entitlements;
				CODE_SIGN_STYLE = Automatic;
				CURRENT_PROJECT_VERSION = 1;
				DEVELOPMENT_TEAM = 55L48W2DHK;
				GENERATE_INFOPLIST_FILE = YES;
				INFOPLIST_FILE = ListWidget/Info.plist;
				INFOPLIST_KEY_CFBundleDisplayName = ListWidget;
				INFOPLIST_KEY_NSHumanReadableCopyright = "";
				IPHONEOS_DEPLOYMENT_TARGET = 17.2;
				LD_RUNPATH_SEARCH_PATHS = (
					"$(inherited)",
					"@executable_path/Frameworks",
					"@executable_path/../../Frameworks",
				);
				MARKETING_VERSION = 1.0;
				PRODUCT_BUNDLE_IDENTIFIER = hamza.Yupp.ListWidget;
				PRODUCT_NAME = "$(TARGET_NAME)";
				SKIP_INSTALL = YES;
				SWIFT_EMIT_LOC_STRINGS = YES;
				SWIFT_VERSION = 5.0;
				TARGETED_DEVICE_FAMILY = "1,2";
			};
			name = Release;
		};
/* End XCBuildConfiguration section */

/* Begin XCConfigurationList section */
		2F49252E2B00FE2900C471A7 /* Build configuration list for PBXProject "Yupp" */ = {
			isa = XCConfigurationList;
			buildConfigurations = (
				2F49253F2B00FE2D00C471A7 /* Debug */,
				2F4925402B00FE2D00C471A7 /* Release */,
			);
			defaultConfigurationIsVisible = 0;
			defaultConfigurationName = Release;
		};
		2F4925412B00FE2D00C471A7 /* Build configuration list for PBXNativeTarget "Yupp" */ = {
			isa = XCConfigurationList;
			buildConfigurations = (
				2F4925422B00FE2D00C471A7 /* Debug */,
				2F4925432B00FE2D00C471A7 /* Release */,
			);
			defaultConfigurationIsVisible = 0;
			defaultConfigurationName = Release;
		};
		2F65F32E2B7BDD660066275C /* Build configuration list for PBXNativeTarget "ListWidgetExtension" */ = {
			isa = XCConfigurationList;
			buildConfigurations = (
				2F65F32C2B7BDD660066275C /* Debug */,
				2F65F32D2B7BDD660066275C /* Release */,
			);
			defaultConfigurationIsVisible = 0;
			defaultConfigurationName = Release;
		};
/* End XCConfigurationList section */
	};
	rootObject = 2F49252B2B00FE2900C471A7 /* Project object */;
}
